
Microsoft Visual Studio Solution File, Format Version 12.00
# Visual Studio 15
VisualStudioVersion = 15.0.27703.2035
MinimumVisualStudioVersion = 10.0.40219.1
Project("{FAE04EC0-301F-11D3-BF4B-00C04F79EFBC}") = "AzureSearchService", "AzureSearchService\AzureSearchService.csproj", "{1E983F84-DFD0-4BCB-BD5A-2E9365E4B9D3}"
EndProject
Project("{FAE04EC0-301F-11D3-BF4B-00C04F79EFBC}") = "AzureSearchServiceClientCore", "AzureSearchServiceClientCore\AzureSearchServiceClientCore.csproj", "{43E9C192-2D43-4B55-84FA-AD5D8D435758}"
EndProject
Project("{FAE04EC0-301F-11D3-BF4B-00C04F79EFBC}") = "AzureSearchServiceClientFramework", "AzureSearchServiceClientFramework\AzureSearchServiceClientFramework.csproj", "{7B836E5C-6560-488F-A306-251633D32C8D}"
EndProject
Global
	GlobalSection(SolutionConfigurationPlatforms) = preSolution
		Debug|Any CPU = Debug|Any CPU
		Release|Any CPU = Release|Any CPU
	EndGlobalSection
	GlobalSection(ProjectConfigurationPlatforms) = postSolution
		{1E983F84-DFD0-4BCB-BD5A-2E9365E4B9D3}.Debug|Any CPU.ActiveCfg = Debug|Any CPU
		{1E983F84-DFD0-4BCB-BD5A-2E9365E4B9D3}.Debug|Any CPU.Build.0 = Debug|Any CPU
		{1E983F84-DFD0-4BCB-BD5A-2E9365E4B9D3}.Release|Any CPU.ActiveCfg = Release|Any CPU
		{1E983F84-DFD0-4BCB-BD5A-2E9365E4B9D3}.Release|Any CPU.Build.0 = Release|Any CPU
		{43E9C192-2D43-4B55-84FA-AD5D8D435758}.Debug|Any CPU.ActiveCfg = Debug|Any CPU
		{43E9C192-2D43-4B55-84FA-AD5D8D435758}.Debug|Any CPU.Build.0 = Debug|Any CPU
		{43E9C192-2D43-4B55-84FA-AD5D8D435758}.Release|Any CPU.ActiveCfg = Release|Any CPU
		{43E9C192-2D43-4B55-84FA-AD5D8D435758}.Release|Any CPU.Build.0 = Release|Any CPU
		{7B836E5C-6560-488F-A306-251633D32C8D}.Debug|Any CPU.ActiveCfg = Debug|Any CPU
		{7B836E5C-6560-488F-A306-251633D32C8D}.Debug|Any CPU.Build.0 = Debug|Any CPU
		{7B836E5C-6560-488F-A306-251633D32C8D}.Release|Any CPU.ActiveCfg = Release|Any CPU
		{7B836E5C-6560-488F-A306-251633D32C8D}.Release|Any CPU.Build.0 = Release|Any CPU
	EndGlobalSection
	GlobalSection(SolutionProperties) = preSolution
		HideSolutionNode = FALSE
	EndGlobalSection
	GlobalSection(ExtensibilityGlobals) = postSolution
		SolutionGuid = {6FB99803-1403-4A14-94E9-E5B567DFDE53}
	EndGlobalSection
EndGlobal
